github.com/Werew1942/w32 v1.0.2 h1:Z2BUDI9K5xEREEVGuwkMKXatf5EqPjq8kFDvQhe67og=
github.com/Werew1942/w32 v1.0.2/go.mod h1:vQP1YZkdCzBJUcG8GH9SRom51lZh/Z9R9d1ruxnVKPs=
golang.org/x/sys v0.0.0-20220319134239-a9b59b0215f8 h1:OH54vjqzRWmbJ62fjuhxy7AxFFgoHN0/DPc/UrL8cAs=
golang.org/x/sys v0.0.0-20220319134239-a9b59b0215f8/go.mod h1:oPkhp1MJrh7nUepCBck5+mAzfO9JrbApNNgaTdGDITg=
